// !$*UTF8*$!
{
	archiveVersion = 1;
	classes = {
	};
	objectVersion = 50;
	objects = {

/* Begin PBXBuildFile section */
		38A0892D25767B4B007D4FE7 /* EditViewController.swift in Sources */ = {isa = PBXBuildFile; fileRef = 38A0892C25767B4B007D4FE7 /* EditViewController.swift */; };
		38A0893225767BC0007D4FE7 /* EditDoseView.swift in Sources */ = {isa = PBXBuildFile; fileRef = 38A0893125767BC0007D4FE7 /* EditDoseView.swift */; };
		38AD649F256D2E85001BF981 /* DoseModel.swift in Sources */ = {isa = PBXBuildFile; fileRef = 38AD649D256D2E85001BF981 /* DoseModel.swift */; };
		38AD64A0256D2E85001BF981 /* VaccineModel.swift in Sources */ = {isa = PBXBuildFile; fileRef = 38AD649E256D2E85001BF981 /* VaccineModel.swift */; };
		38AD64A5256D2EBA001BF981 /* AppColors.swift in Sources */ = {isa = PBXBuildFile; fileRef = 38AD64A4256D2EBA001BF981 /* AppColors.swift */; };
		38AD64AD256D4D3D001BF981 /* DoseTableViewCell.swift in Sources */ = {isa = PBXBuildFile; fileRef = 38AD64AC256D4D3D001BF981 /* DoseTableViewCell.swift */; };
		38AD64B5256E7B77001BF981 /* NewDoseViewController.swift in Sources */ = {isa = PBXBuildFile; fileRef = 38AD64B4256E7B77001BF981 /* NewDoseViewController.swift */; };
		38AD64BA256E7D87001BF981 /* NewDoseView.swift in Sources */ = {isa = PBXBuildFile; fileRef = 38AD64B9256E7D87001BF981 /* NewDoseView.swift */; };
		4B33C9022571368F00524B33 /* GeneralInformationViewController.swift in Sources */ = {isa = PBXBuildFile; fileRef = 4B33C9012571368E00524B33 /* GeneralInformationViewController.swift */; };
		4B33C90725713C5800524B33 /* GeneralInformationView.swift in Sources */ = {isa = PBXBuildFile; fileRef = 4B33C90625713C5800524B33 /* GeneralInformationView.swift */; };
		4B33C91425714B7900524B33 /* GeneralDataTableViewCell.swift in Sources */ = {isa = PBXBuildFile; fileRef = 4B33C91325714B7900524B33 /* GeneralDataTableViewCell.swift */; };
		4B33C9192575147D00524B33 /* AboutVaccineTableViewCell.swift in Sources */ = {isa = PBXBuildFile; fileRef = 4B33C9182575147D00524B33 /* AboutVaccineTableViewCell.swift */; };
		4B33C91E25766D4200524B33 /* TintColor.swift in Sources */ = {isa = PBXBuildFile; fileRef = 4B33C91D25766D4200524B33 /* TintColor.swift */; };
		4BEC03F8256D4FD800E8F912 /* VaccineCellTableViewCell.swift in Sources */ = {isa = PBXBuildFile; fileRef = 4BEC03F7256D4FD800E8F912 /* VaccineCellTableViewCell.swift */; };
		4BEC042F256D6B5700E8F912 /* CircularProgressView.swift in Sources */ = {isa = PBXBuildFile; fileRef = 4BEC042E256D6B5700E8F912 /* CircularProgressView.swift */; };
		880990BF256D24630003C1DE /* GeneralData.json in Resources */ = {isa = PBXBuildFile; fileRef = 880990BE256D24630003C1DE /* GeneralData.json */; };
		880990C4256D249D0003C1DE /* GeneralDataModel.swift in Sources */ = {isa = PBXBuildFile; fileRef = 880990C3256D249D0003C1DE /* GeneralDataModel.swift */; };
		880990E7256D31500003C1DE /* SelectedVaccineViewController.swift in Sources */ = {isa = PBXBuildFile; fileRef = 880990E6256D31500003C1DE /* SelectedVaccineViewController.swift */; };
		880990ED256D34600003C1DE /* SelectedVaccineView.swift in Sources */ = {isa = PBXBuildFile; fileRef = 880990EC256D34600003C1DE /* SelectedVaccineView.swift */; };
		88428B05256D9B2100EE2172 /* EmptyState.swift in Sources */ = {isa = PBXBuildFile; fileRef = 88428B04256D9B2100EE2172 /* EmptyState.swift */; };
		88907194256FF36B0019B8E6 /* WarningDoseTableViewCell.swift in Sources */ = {isa = PBXBuildFile; fileRef = 88907193256FF36B0019B8E6 /* WarningDoseTableViewCell.swift */; };
		E21B8400257927D1007C9086 /* Vaccine+CoreDataClass.swift in Sources */ = {isa = PBXBuildFile; fileRef = E21B83FA257927D1007C9086 /* Vaccine+CoreDataClass.swift */; };
		E21B8401257927D1007C9086 /* Vaccine+CoreDataProperties.swift in Sources */ = {isa = PBXBuildFile; fileRef = E21B83FB257927D1007C9086 /* Vaccine+CoreDataProperties.swift */; };
		E21B8402257927D1007C9086 /* Dose+CoreDataClass.swift in Sources */ = {isa = PBXBuildFile; fileRef = E21B83FC257927D1007C9086 /* Dose+CoreDataClass.swift */; };
		E21B8403257927D1007C9086 /* Dose+CoreDataProperties.swift in Sources */ = {isa = PBXBuildFile; fileRef = E21B83FD257927D1007C9086 /* Dose+CoreDataProperties.swift */; };
		E21B8404257927D1007C9086 /* User+CoreDataClass.swift in Sources */ = {isa = PBXBuildFile; fileRef = E21B83FE257927D1007C9086 /* User+CoreDataClass.swift */; };
		E21B8405257927D1007C9086 /* User+CoreDataProperties.swift in Sources */ = {isa = PBXBuildFile; fileRef = E21B83FF257927D1007C9086 /* User+CoreDataProperties.swift */; };
		E2302290257A5F5E0020E47E /* Enums.swift in Sources */ = {isa = PBXBuildFile; fileRef = E230228F257A5F5E0020E47E /* Enums.swift */; };
		E23B7302256E7A7500C19752 /* GeneralManagerModel.swift in Sources */ = {isa = PBXBuildFile; fileRef = E23B7301256E7A7500C19752 /* GeneralManagerModel.swift */; };
		E245E5732577CC11002670FA /* CoreDataManager.swift in Sources */ = {isa = PBXBuildFile; fileRef = E245E5722577CC11002670FA /* CoreDataManager.swift */; };
		E278B682256FEBB600BB5C6C /* VaccineTestsModule.swift in Sources */ = {isa = PBXBuildFile; fileRef = E278B681256FEBB600BB5C6C /* VaccineTestsModule.swift */; };
		E2B77B31256BFBC500D58DC5 /* AppDelegate.swift in Sources */ = {isa = PBXBuildFile; fileRef = E2B77B30256BFBC500D58DC5 /* AppDelegate.swift */; };
		E2B77B33256BFBC500D58DC5 /* SceneDelegate.swift in Sources */ = {isa = PBXBuildFile; fileRef = E2B77B32256BFBC500D58DC5 /* SceneDelegate.swift */; };
		E2B77B35256BFBC500D58DC5 /* ViewController.swift in Sources */ = {isa = PBXBuildFile; fileRef = E2B77B34256BFBC500D58DC5 /* ViewController.swift */; };
		E2B77B3B256BFBC500D58DC5 /* Vaccine.xcdatamodeld in Sources */ = {isa = PBXBuildFile; fileRef = E2B77B39256BFBC500D58DC5 /* Vaccine.xcdatamodeld */; };
		E2B77B3D256BFBCC00D58DC5 /* Assets.xcassets in Resources */ = {isa = PBXBuildFile; fileRef = E2B77B3C256BFBCC00D58DC5 /* Assets.xcassets */; };
		E2B77B40256BFBCC00D58DC5 /* LaunchScreen.storyboard in Resources */ = {isa = PBXBuildFile; fileRef = E2B77B3E256BFBCC00D58DC5 /* LaunchScreen.storyboard */; };
		E2B77B6A256C00A000D58DC5 /* MyCardViewController.swift in Sources */ = {isa = PBXBuildFile; fileRef = E2B77B69256C00A000D58DC5 /* MyCardViewController.swift */; };
		E2B77B7D256D3C0700D58DC5 /* MyCardView.swift in Sources */ = {isa = PBXBuildFile; fileRef = E2B77B7C256D3C0700D58DC5 /* MyCardView.swift */; };
		E2B77B8E256D3E9800D58DC5 /* ViewCode.swift in Sources */ = {isa = PBXBuildFile; fileRef = E2B77B8D256D3E9800D58DC5 /* ViewCode.swift */; };
/* End PBXBuildFile section */

/* Begin PBXContainerItemProxy section */
		E278B684256FEBB600BB5C6C /* PBXContainerItemProxy */ = {
			isa = PBXContainerItemProxy;
			containerPortal = E2B77B25256BFBC400D58DC5 /* Project object */;
			proxyType = 1;
			remoteGlobalIDString = E2B77B2C256BFBC500D58DC5;
			remoteInfo = Vaccine;
		};
/* End PBXContainerItemProxy section */

/* Begin PBXFileReference section */
		38A0892C25767B4B007D4FE7 /* EditViewController.swift */ = {isa = PBXFileReference; lastKnownFileType = sourcecode.swift; path = EditViewController.swift; sourceTree = "<group>"; };
		38A0893125767BC0007D4FE7 /* EditDoseView.swift */ = {isa = PBXFileReference; lastKnownFileType = sourcecode.swift; path = EditDoseView.swift; sourceTree = "<group>"; };
		38AD649D256D2E85001BF981 /* DoseModel.swift */ = {isa = PBXFileReference; fileEncoding = 4; lastKnownFileType = sourcecode.swift; path = DoseModel.swift; sourceTree = "<group>"; };
		38AD649E256D2E85001BF981 /* VaccineModel.swift */ = {isa = PBXFileReference; fileEncoding = 4; lastKnownFileType = sourcecode.swift; path = VaccineModel.swift; sourceTree = "<group>"; };
		38AD64A4256D2EBA001BF981 /* AppColors.swift */ = {isa = PBXFileReference; fileEncoding = 4; lastKnownFileType = sourcecode.swift; path = AppColors.swift; sourceTree = "<group>"; };
		38AD64AC256D4D3D001BF981 /* DoseTableViewCell.swift */ = {isa = PBXFileReference; lastKnownFileType = sourcecode.swift; path = DoseTableViewCell.swift; sourceTree = "<group>"; };
		38AD64B4256E7B77001BF981 /* NewDoseViewController.swift */ = {isa = PBXFileReference; lastKnownFileType = sourcecode.swift; path = NewDoseViewController.swift; sourceTree = "<group>"; };
		38AD64B9256E7D87001BF981 /* NewDoseView.swift */ = {isa = PBXFileReference; lastKnownFileType = sourcecode.swift; path = NewDoseView.swift; sourceTree = "<group>"; };
		4B33C9012571368E00524B33 /* GeneralInformationViewController.swift */ = {isa = PBXFileReference; lastKnownFileType = sourcecode.swift; path = GeneralInformationViewController.swift; sourceTree = "<group>"; };
		4B33C90625713C5800524B33 /* GeneralInformationView.swift */ = {isa = PBXFileReference; lastKnownFileType = sourcecode.swift; path = GeneralInformationView.swift; sourceTree = "<group>"; };
		4B33C91325714B7900524B33 /* GeneralDataTableViewCell.swift */ = {isa = PBXFileReference; lastKnownFileType = sourcecode.swift; path = GeneralDataTableViewCell.swift; sourceTree = "<group>"; };
		4B33C9182575147D00524B33 /* AboutVaccineTableViewCell.swift */ = {isa = PBXFileReference; lastKnownFileType = sourcecode.swift; path = AboutVaccineTableViewCell.swift; sourceTree = "<group>"; };
		4B33C91D25766D4200524B33 /* TintColor.swift */ = {isa = PBXFileReference; lastKnownFileType = sourcecode.swift; path = TintColor.swift; sourceTree = "<group>"; };
		4BEC03F7256D4FD800E8F912 /* VaccineCellTableViewCell.swift */ = {isa = PBXFileReference; lastKnownFileType = sourcecode.swift; path = VaccineCellTableViewCell.swift; sourceTree = "<group>"; };
		4BEC042E256D6B5700E8F912 /* CircularProgressView.swift */ = {isa = PBXFileReference; lastKnownFileType = sourcecode.swift; path = CircularProgressView.swift; sourceTree = "<group>"; };
		880990BE256D24630003C1DE /* GeneralData.json */ = {isa = PBXFileReference; fileEncoding = 4; lastKnownFileType = text.json; path = GeneralData.json; sourceTree = "<group>"; };
		880990C3256D249D0003C1DE /* GeneralDataModel.swift */ = {isa = PBXFileReference; lastKnownFileType = sourcecode.swift; path = GeneralDataModel.swift; sourceTree = "<group>"; };
		880990E6256D31500003C1DE /* SelectedVaccineViewController.swift */ = {isa = PBXFileReference; lastKnownFileType = sourcecode.swift; path = SelectedVaccineViewController.swift; sourceTree = "<group>"; };
		880990EC256D34600003C1DE /* SelectedVaccineView.swift */ = {isa = PBXFileReference; lastKnownFileType = sourcecode.swift; path = SelectedVaccineView.swift; sourceTree = "<group>"; };
		88428B04256D9B2100EE2172 /* EmptyState.swift */ = {isa = PBXFileReference; lastKnownFileType = sourcecode.swift; path = EmptyState.swift; sourceTree = "<group>"; };
		88907193256FF36B0019B8E6 /* WarningDoseTableViewCell.swift */ = {isa = PBXFileReference; lastKnownFileType = sourcecode.swift; path = WarningDoseTableViewCell.swift; sourceTree = "<group>"; };
		E21B83FA257927D1007C9086 /* Vaccine+CoreDataClass.swift */ = {isa = PBXFileReference; lastKnownFileType = sourcecode.swift; path = "Vaccine+CoreDataClass.swift"; sourceTree = "<group>"; };
		E21B83FB257927D1007C9086 /* Vaccine+CoreDataProperties.swift */ = {isa = PBXFileReference; lastKnownFileType = sourcecode.swift; path = "Vaccine+CoreDataProperties.swift"; sourceTree = "<group>"; };
		E21B83FC257927D1007C9086 /* Dose+CoreDataClass.swift */ = {isa = PBXFileReference; lastKnownFileType = sourcecode.swift; path = "Dose+CoreDataClass.swift"; sourceTree = "<group>"; };
		E21B83FD257927D1007C9086 /* Dose+CoreDataProperties.swift */ = {isa = PBXFileReference; lastKnownFileType = sourcecode.swift; path = "Dose+CoreDataProperties.swift"; sourceTree = "<group>"; };
		E21B83FE257927D1007C9086 /* User+CoreDataClass.swift */ = {isa = PBXFileReference; lastKnownFileType = sourcecode.swift; path = "User+CoreDataClass.swift"; sourceTree = "<group>"; };
		E21B83FF257927D1007C9086 /* User+CoreDataProperties.swift */ = {isa = PBXFileReference; lastKnownFileType = sourcecode.swift; path = "User+CoreDataProperties.swift"; sourceTree = "<group>"; };
		E230228F257A5F5E0020E47E /* Enums.swift */ = {isa = PBXFileReference; lastKnownFileType = sourcecode.swift; path = Enums.swift; sourceTree = "<group>"; };
		E23B7301256E7A7500C19752 /* GeneralManagerModel.swift */ = {isa = PBXFileReference; lastKnownFileType = sourcecode.swift; path = GeneralManagerModel.swift; sourceTree = "<group>"; };
		E245E5722577CC11002670FA /* CoreDataManager.swift */ = {isa = PBXFileReference; lastKnownFileType = sourcecode.swift; path = CoreDataManager.swift; sourceTree = "<group>"; };
		E278B67F256FEBB600BB5C6C /* VaccineTestsModule.xctest */ = {isa = PBXFileReference; explicitFileType = wrapper.cfbundle; includeInIndex = 0; path = VaccineTestsModule.xctest; sourceTree = BUILT_PRODUCTS_DIR; };
		E278B681256FEBB600BB5C6C /* VaccineTestsModule.swift */ = {isa = PBXFileReference; lastKnownFileType = sourcecode.swift; path = VaccineTestsModule.swift; sourceTree = "<group>"; };
		E278B683256FEBB600BB5C6C /* Info.plist */ = {isa = PBXFileReference; lastKnownFileType = text.plist.xml; path = Info.plist; sourceTree = "<group>"; };
		E2B77B2D256BFBC500D58DC5 /* Vaccine.app */ = {isa = PBXFileReference; explicitFileType = wrapper.application; includeInIndex = 0; path = Vaccine.app; sourceTree = BUILT_PRODUCTS_DIR; };
		E2B77B30256BFBC500D58DC5 /* AppDelegate.swift */ = {isa = PBXFileReference; lastKnownFileType = sourcecode.swift; path = AppDelegate.swift; sourceTree = "<group>"; };
		E2B77B32256BFBC500D58DC5 /* SceneDelegate.swift */ = {isa = PBXFileReference; lastKnownFileType = sourcecode.swift; path = SceneDelegate.swift; sourceTree = "<group>"; };
		E2B77B34256BFBC500D58DC5 /* ViewController.swift */ = {isa = PBXFileReference; lastKnownFileType = sourcecode.swift; path = ViewController.swift; sourceTree = "<group>"; };
		E2B77B3A256BFBC500D58DC5 /* Vaccine.xcdatamodel */ = {isa = PBXFileReference; lastKnownFileType = wrapper.xcdatamodel; path = Vaccine.xcdatamodel; sourceTree = "<group>"; };
		E2B77B3C256BFBCC00D58DC5 /* Assets.xcassets */ = {isa = PBXFileReference; lastKnownFileType = folder.assetcatalog; path = Assets.xcassets; sourceTree = "<group>"; };
		E2B77B3F256BFBCC00D58DC5 /* Base */ = {isa = PBXFileReference; lastKnownFileType = file.storyboard; name = Base; path = Base.lproj/LaunchScreen.storyboard; sourceTree = "<group>"; };
		E2B77B41256BFBCC00D58DC5 /* Info.plist */ = {isa = PBXFileReference; lastKnownFileType = text.plist.xml; path = Info.plist; sourceTree = "<group>"; };
		E2B77B69256C00A000D58DC5 /* MyCardViewController.swift */ = {isa = PBXFileReference; lastKnownFileType = sourcecode.swift; path = MyCardViewController.swift; sourceTree = "<group>"; };
		E2B77B7C256D3C0700D58DC5 /* MyCardView.swift */ = {isa = PBXFileReference; lastKnownFileType = sourcecode.swift; path = MyCardView.swift; sourceTree = "<group>"; };
		E2B77B8D256D3E9800D58DC5 /* ViewCode.swift */ = {isa = PBXFileReference; lastKnownFileType = sourcecode.swift; path = ViewCode.swift; sourceTree = "<group>"; };
/* End PBXFileReference section */

/* Begin PBXFrameworksBuildPhase section */
		E278B67C256FEBB600BB5C6C /* Frameworks */ = {
			isa = PBXFrameworksBuildPhase;
			buildActionMask = 2147483647;
			files = (
			);
			runOnlyForDeploymentPostprocessing = 0;
		};
		E2B77B2A256BFBC500D58DC5 /* Frameworks */ = {
			isa = PBXFrameworksBuildPhase;
			buildActionMask = 2147483647;
			files = (
			);
			runOnlyForDeploymentPostprocessing = 0;
		};
/* End PBXFrameworksBuildPhase section */

/* Begin PBXGroup section */
		38AD648B256D2A06001BF981 /* Config */ = {
			isa = PBXGroup;
			children = (
				38AD64A4256D2EBA001BF981 /* AppColors.swift */,
				E2B77B8D256D3E9800D58DC5 /* ViewCode.swift */,
				4B33C91D25766D4200524B33 /* TintColor.swift */,
				E230228F257A5F5E0020E47E /* Enums.swift */,
			);
			path = Config;
			sourceTree = "<group>";
		};
		4BEC03F6256D4F6500E8F912 /* TableCells */ = {
			isa = PBXGroup;
			children = (
				4BEC03F7256D4FD800E8F912 /* VaccineCellTableViewCell.swift */,
				38AD64AC256D4D3D001BF981 /* DoseTableViewCell.swift */,
				88907193256FF36B0019B8E6 /* WarningDoseTableViewCell.swift */,
				4B33C91325714B7900524B33 /* GeneralDataTableViewCell.swift */,
				4B33C9182575147D00524B33 /* AboutVaccineTableViewCell.swift */,
			);
			path = TableCells;
			sourceTree = "<group>";
		};
		880990BD256D23E40003C1DE /* Model */ = {
			isa = PBXGroup;
			children = (
				E245E5712577C9D0002670FA /* CoreDataPersistence */,
				880990BE256D24630003C1DE /* GeneralData.json */,
				880990C3256D249D0003C1DE /* GeneralDataModel.swift */,
				38AD649D256D2E85001BF981 /* DoseModel.swift */,
				38AD649E256D2E85001BF981 /* VaccineModel.swift */,
			);
			path = Model;
			sourceTree = "<group>";
		};
		880990EB256D34300003C1DE /* View */ = {
			isa = PBXGroup;
			children = (
				4BEC042E256D6B5700E8F912 /* CircularProgressView.swift */,
				E2B77B7C256D3C0700D58DC5 /* MyCardView.swift */,
				880990EC256D34600003C1DE /* SelectedVaccineView.swift */,
				88428B04256D9B2100EE2172 /* EmptyState.swift */,
				38AD64B9256E7D87001BF981 /* NewDoseView.swift */,
				38A0893125767BC0007D4FE7 /* EditDoseView.swift */,
				4B33C90625713C5800524B33 /* GeneralInformationView.swift */,
			);
			path = View;
			sourceTree = "<group>";
		};
		E245E5712577C9D0002670FA /* CoreDataPersistence */ = {
			isa = PBXGroup;
			children = (
				E21B83FA257927D1007C9086 /* Vaccine+CoreDataClass.swift */,
				E21B83FB257927D1007C9086 /* Vaccine+CoreDataProperties.swift */,
				E21B83FC257927D1007C9086 /* Dose+CoreDataClass.swift */,
				E21B83FD257927D1007C9086 /* Dose+CoreDataProperties.swift */,
				E21B83FE257927D1007C9086 /* User+CoreDataClass.swift */,
				E21B83FF257927D1007C9086 /* User+CoreDataProperties.swift */,
			);
			path = CoreDataPersistence;
			sourceTree = "<group>";
		};
		E265179D256D9FB5005426AF /* Parses */ = {
			isa = PBXGroup;
			children = (
				E23B7301256E7A7500C19752 /* GeneralManagerModel.swift */,
				E245E5722577CC11002670FA /* CoreDataManager.swift */,
			);
			path = Parses;
			sourceTree = "<group>";
		};
		E278B680256FEBB600BB5C6C /* VaccineTestsModule */ = {
			isa = PBXGroup;
			children = (
				E278B681256FEBB600BB5C6C /* VaccineTestsModule.swift */,
				E278B683256FEBB600BB5C6C /* Info.plist */,
			);
			path = VaccineTestsModule;
			sourceTree = "<group>";
		};
		E2B77B24256BFBC400D58DC5 = {
			isa = PBXGroup;
			children = (
				E2B77B2F256BFBC500D58DC5 /* Vaccine */,
				E278B680256FEBB600BB5C6C /* VaccineTestsModule */,
				E2B77B2E256BFBC500D58DC5 /* Products */,
			);
			sourceTree = "<group>";
		};
		E2B77B2E256BFBC500D58DC5 /* Products */ = {
			isa = PBXGroup;
			children = (
				E2B77B2D256BFBC500D58DC5 /* Vaccine.app */,
				E278B67F256FEBB600BB5C6C /* VaccineTestsModule.xctest */,
			);
			name = Products;
			sourceTree = "<group>";
		};
		E2B77B2F256BFBC500D58DC5 /* Vaccine */ = {
			isa = PBXGroup;
			children = (
				E265179D256D9FB5005426AF /* Parses */,
				38AD648B256D2A06001BF981 /* Config */,
				880990BD256D23E40003C1DE /* Model */,
				E2B77B66256BFF3C00D58DC5 /* Controller */,
				4BEC03F6256D4F6500E8F912 /* TableCells */,
				880990EB256D34300003C1DE /* View */,
				E2B77B30256BFBC500D58DC5 /* AppDelegate.swift */,
				E2B77B32256BFBC500D58DC5 /* SceneDelegate.swift */,
				E2B77B34256BFBC500D58DC5 /* ViewController.swift */,
				E2B77B3C256BFBCC00D58DC5 /* Assets.xcassets */,
				E2B77B3E256BFBCC00D58DC5 /* LaunchScreen.storyboard */,
				E2B77B41256BFBCC00D58DC5 /* Info.plist */,
				E2B77B39256BFBC500D58DC5 /* Vaccine.xcdatamodeld */,
			);
			path = Vaccine;
			sourceTree = "<group>";
		};
		E2B77B66256BFF3C00D58DC5 /* Controller */ = {
			isa = PBXGroup;
			children = (
				E2B77B69256C00A000D58DC5 /* MyCardViewController.swift */,
				880990E6256D31500003C1DE /* SelectedVaccineViewController.swift */,
				38AD64B4256E7B77001BF981 /* NewDoseViewController.swift */,
				38A0892C25767B4B007D4FE7 /* EditViewController.swift */,
				4B33C9012571368E00524B33 /* GeneralInformationViewController.swift */,
			);
			path = Controller;
			sourceTree = "<group>";
		};
/* End PBXGroup section */

/* Begin PBXNativeTarget section */
		E278B67E256FEBB600BB5C6C /* VaccineTestsModule */ = {
			isa = PBXNativeTarget;
			buildConfigurationList = E278B686256FEBB600BB5C6C /* Build configuration list for PBXNativeTarget "VaccineTestsModule" */;
			buildPhases = (
				E278B67B256FEBB600BB5C6C /* Sources */,
				E278B67C256FEBB600BB5C6C /* Frameworks */,
				E278B67D256FEBB600BB5C6C /* Resources */,
			);
			buildRules = (
			);
			dependencies = (
				E278B685256FEBB600BB5C6C /* PBXTargetDependency */,
			);
			name = VaccineTestsModule;
			productName = VaccineTestsModule;
			productReference = E278B67F256FEBB600BB5C6C /* VaccineTestsModule.xctest */;
			productType = "com.apple.product-type.bundle.unit-test";
		};
		E2B77B2C256BFBC500D58DC5 /* Vaccine */ = {
			isa = PBXNativeTarget;
			buildConfigurationList = E2B77B5A256BFBD100D58DC5 /* Build configuration list for PBXNativeTarget "Vaccine" */;
			buildPhases = (
				E2B77B29256BFBC500D58DC5 /* Sources */,
				E2B77B2A256BFBC500D58DC5 /* Frameworks */,
				E2B77B2B256BFBC500D58DC5 /* Resources */,
				E2B77B75256C046E00D58DC5 /* ShellScript */,
			);
			buildRules = (
			);
			dependencies = (
			);
			name = Vaccine;
			productName = Vaccine;
			productReference = E2B77B2D256BFBC500D58DC5 /* Vaccine.app */;
			productType = "com.apple.product-type.application";
		};
/* End PBXNativeTarget section */

/* Begin PBXProject section */
		E2B77B25256BFBC400D58DC5 /* Project object */ = {
			isa = PBXProject;
			attributes = {
				LastSwiftUpdateCheck = 1220;
				LastUpgradeCheck = 1220;
				TargetAttributes = {
					E278B67E256FEBB600BB5C6C = {
						CreatedOnToolsVersion = 12.2;
						TestTargetID = E2B77B2C256BFBC500D58DC5;
					};
					E2B77B2C256BFBC500D58DC5 = {
						CreatedOnToolsVersion = 12.2;
					};
				};
			};
			buildConfigurationList = E2B77B28256BFBC400D58DC5 /* Build configuration list for PBXProject "Vaccine" */;
			compatibilityVersion = "Xcode 9.3";
			developmentRegion = en;
			hasScannedForEncodings = 0;
			knownRegions = (
				en,
				Base,
			);
			mainGroup = E2B77B24256BFBC400D58DC5;
			productRefGroup = E2B77B2E256BFBC500D58DC5 /* Products */;
			projectDirPath = "";
			projectRoot = "";
			targets = (
				E2B77B2C256BFBC500D58DC5 /* Vaccine */,
				E278B67E256FEBB600BB5C6C /* VaccineTestsModule */,
			);
		};
/* End PBXProject section */

/* Begin PBXResourcesBuildPhase section */
		E278B67D256FEBB600BB5C6C /* Resources */ = {
			isa = PBXResourcesBuildPhase;
			buildActionMask = 2147483647;
			files = (
			);
			runOnlyForDeploymentPostprocessing = 0;
		};
		E2B77B2B256BFBC500D58DC5 /* Resources */ = {
			isa = PBXResourcesBuildPhase;
			buildActionMask = 2147483647;
			files = (
				E2B77B40256BFBCC00D58DC5 /* LaunchScreen.storyboard in Resources */,
				880990BF256D24630003C1DE /* GeneralData.json in Resources */,
				E2B77B3D256BFBCC00D58DC5 /* Assets.xcassets in Resources */,
			);
			runOnlyForDeploymentPostprocessing = 0;
		};
/* End PBXResourcesBuildPhase section */

/* Begin PBXShellScriptBuildPhase section */
		E2B77B75256C046E00D58DC5 /* ShellScript */ = {
			isa = PBXShellScriptBuildPhase;
			buildActionMask = 2147483647;
			files = (
			);
			inputFileListPaths = (
			);
			inputPaths = (
			);
			outputFileListPaths = (
			);
			outputPaths = (
			);
			runOnlyForDeploymentPostprocessing = 0;
			shellPath = /bin/sh;
			shellScript = "if which swiftlint >/dev/null; then\nswiftlint\nelse\necho \"warning: Swiftlint not installed, download from https://github.com/realm/SwiftLint\"\nfi\n";
		};
/* End PBXShellScriptBuildPhase section */

/* Begin PBXSourcesBuildPhase section */
		E278B67B256FEBB600BB5C6C /* Sources */ = {
			isa = PBXSourcesBuildPhase;
			buildActionMask = 2147483647;
			files = (
				E278B682256FEBB600BB5C6C /* VaccineTestsModule.swift in Sources */,
			);
			runOnlyForDeploymentPostprocessing = 0;
		};
		E2B77B29256BFBC500D58DC5 /* Sources */ = {
			isa = PBXSourcesBuildPhase;
			buildActionMask = 2147483647;
			files = (
				E23B7302256E7A7500C19752 /* GeneralManagerModel.swift in Sources */,
				88907194256FF36B0019B8E6 /* WarningDoseTableViewCell.swift in Sources */,
				E2B77B7D256D3C0700D58DC5 /* MyCardView.swift in Sources */,
				38AD64A5256D2EBA001BF981 /* AppColors.swift in Sources */,
				38AD64A0256D2E85001BF981 /* VaccineModel.swift in Sources */,
				880990C4256D249D0003C1DE /* GeneralDataModel.swift in Sources */,
				88428B05256D9B2100EE2172 /* EmptyState.swift in Sources */,
				E2B77B35256BFBC500D58DC5 /* ViewController.swift in Sources */,
				38AD64AD256D4D3D001BF981 /* DoseTableViewCell.swift in Sources */,
				4B33C9022571368F00524B33 /* GeneralInformationViewController.swift in Sources */,
				E2B77B3B256BFBC500D58DC5 /* Vaccine.xcdatamodeld in Sources */,
				4B33C90725713C5800524B33 /* GeneralInformationView.swift in Sources */,
				E21B8403257927D1007C9086 /* Dose+CoreDataProperties.swift in Sources */,
				E21B8400257927D1007C9086 /* Vaccine+CoreDataClass.swift in Sources */,
				4B33C9192575147D00524B33 /* AboutVaccineTableViewCell.swift in Sources */,
				880990E7256D31500003C1DE /* SelectedVaccineViewController.swift in Sources */,
				E245E5732577CC11002670FA /* CoreDataManager.swift in Sources */,
				38AD64BA256E7D87001BF981 /* NewDoseView.swift in Sources */,
				38AD64B5256E7B77001BF981 /* NewDoseViewController.swift in Sources */,
				880990ED256D34600003C1DE /* SelectedVaccineView.swift in Sources */,
				E2B77B6A256C00A000D58DC5 /* MyCardViewController.swift in Sources */,
				E2B77B31256BFBC500D58DC5 /* AppDelegate.swift in Sources */,
				38A0892D25767B4B007D4FE7 /* EditViewController.swift in Sources */,
				38A0893225767BC0007D4FE7 /* EditDoseView.swift in Sources */,
				E21B8402257927D1007C9086 /* Dose+CoreDataClass.swift in Sources */,
				E2B77B8E256D3E9800D58DC5 /* ViewCode.swift in Sources */,
				E21B8405257927D1007C9086 /* User+CoreDataProperties.swift in Sources */,
				4BEC03F8256D4FD800E8F912 /* VaccineCellTableViewCell.swift in Sources */,
				38AD649F256D2E85001BF981 /* DoseModel.swift in Sources */,
				4B33C91425714B7900524B33 /* GeneralDataTableViewCell.swift in Sources */,
				4B33C91E25766D4200524B33 /* TintColor.swift in Sources */,
				4BEC042F256D6B5700E8F912 /* CircularProgressView.swift in Sources */,
				E2302290257A5F5E0020E47E /* Enums.swift in Sources */,
				E21B8401257927D1007C9086 /* Vaccine+CoreDataProperties.swift in Sources */,
				E2B77B33256BFBC500D58DC5 /* SceneDelegate.swift in Sources */,
				E21B8404257927D1007C9086 /* User+CoreDataClass.swift in Sources */,
			);
			runOnlyForDeploymentPostprocessing = 0;
		};
/* End PBXSourcesBuildPhase section */

/* Begin PBXTargetDependency section */
		E278B685256FEBB600BB5C6C /* PBXTargetDependency */ = {
			isa = PBXTargetDependency;
			target = E2B77B2C256BFBC500D58DC5 /* Vaccine */;
			targetProxy = E278B684256FEBB600BB5C6C /* PBXContainerItemProxy */;
		};
/* End PBXTargetDependency section */

/* Begin PBXVariantGroup section */
		E2B77B3E256BFBCC00D58DC5 /* LaunchScreen.storyboard */ = {
			isa = PBXVariantGroup;
			children = (
				E2B77B3F256BFBCC00D58DC5 /* Base */,
			);
			name = LaunchScreen.storyboard;
			sourceTree = "<group>";
		};
/* End PBXVariantGroup section */

/* Begin XCBuildConfiguration section */
		E278B687256FEBB600BB5C6C /* Debug */ = {
			isa = XCBuildConfiguration;
			buildSettings = {
				BUNDLE_LOADER = "$(TEST_HOST)";
				CODE_SIGN_STYLE = Automatic;
				DEVELOPMENT_TEAM = 3XAHB7RJJD;
				INFOPLIST_FILE = VaccineTestsModule/Info.plist;
				LD_RUNPATH_SEARCH_PATHS = (
					"$(inherited)",
					"@executable_path/Frameworks",
					"@loader_path/Frameworks",
				);
				PRODUCT_BUNDLE_IDENTIFIER = com.AndersonSouza.VaccineTestsModule;
				PRODUCT_NAME = "$(TARGET_NAME)";
				SWIFT_VERSION = 5.0;
				TARGETED_DEVICE_FAMILY = "1,2";
				TEST_HOST = "$(BUILT_PRODUCTS_DIR)/Vaccine.app/Vaccine";
			};
			name = Debug;
		};
		E278B688256FEBB600BB5C6C /* Release */ = {
			isa = XCBuildConfiguration;
			buildSettings = {
				BUNDLE_LOADER = "$(TEST_HOST)";
				CODE_SIGN_STYLE = Automatic;
				DEVELOPMENT_TEAM = 3XAHB7RJJD;
				INFOPLIST_FILE = VaccineTestsModule/Info.plist;
				LD_RUNPATH_SEARCH_PATHS = (
					"$(inherited)",
					"@executable_path/Frameworks",
					"@loader_path/Frameworks",
				);
				PRODUCT_BUNDLE_IDENTIFIER = com.AndersonSouza.VaccineTestsModule;
				PRODUCT_NAME = "$(TARGET_NAME)";
				SWIFT_VERSION = 5.0;
				TARGETED_DEVICE_FAMILY = "1,2";
				TEST_HOST = "$(BUILT_PRODUCTS_DIR)/Vaccine.app/Vaccine";
			};
			name = Release;
		};
		E2B77B58256BFBD100D58DC5 /* Debug */ = {
			isa = XCBuildConfiguration;
			buildSettings = {
				ALWAYS_SEARCH_USER_PATHS = NO;
				CLANG_ANALYZER_NONNULL = YES;
				CLANG_ANALYZER_NUMBER_OBJECT_CONVERSION = YES_AGGRESSIVE;
				CLANG_CXX_LANGUAGE_STANDARD = "gnu++14";
				CLANG_CXX_LIBRARY = "libc++";
				CLANG_ENABLE_MODULES = YES;
				CLANG_ENABLE_OBJC_ARC = YES;
				CLANG_ENABLE_OBJC_WEAK = YES;
				CLANG_WARN_BLOCK_CAPTURE_AUTORELEASING = YES;
				CLANG_WARN_BOOL_CONVERSION = YES;
				CLANG_WARN_COMMA = YES;
				CLANG_WARN_CONSTANT_CONVERSION = YES;
				CLANG_WARN_DEPRECATED_OBJC_IMPLEMENTATIONS = YES;
				CLANG_WARN_DIRECT_OBJC_ISA_USAGE = YES_ERROR;
				CLANG_WARN_DOCUMENTATION_COMMENTS = YES;
				CLANG_WARN_EMPTY_BODY = YES;
				CLANG_WARN_ENUM_CONVERSION = YES;
				CLANG_WARN_INFINITE_RECURSION = YES;
				CLANG_WARN_INT_CONVERSION = YES;
				CLANG_WARN_NON_LITERAL_NULL_CONVERSION = YES;
				CLANG_WARN_OBJC_IMPLICIT_RETAIN_SELF = YES;
				CLANG_WARN_OBJC_LITERAL_CONVERSION = YES;
				CLANG_WARN_OBJC_ROOT_CLASS = YES_ERROR;
				CLANG_WARN_QUOTED_INCLUDE_IN_FRAMEWORK_HEADER = YES;
				CLANG_WARN_RANGE_LOOP_ANALYSIS = YES;
				CLANG_WARN_STRICT_PROTOTYPES = YES;
				CLANG_WARN_SUSPICIOUS_MOVE = YES;
				CLANG_WARN_UNGUARDED_AVAILABILITY = YES_AGGRESSIVE;
				CLANG_WARN_UNREACHABLE_CODE = YES;
				CLANG_WARN__DUPLICATE_METHOD_MATCH = YES;
				COPY_PHASE_STRIP = NO;
				DEBUG_INFORMATION_FORMAT = dwarf;
				ENABLE_STRICT_OBJC_MSGSEND = YES;
				ENABLE_TESTABILITY = YES;
				GCC_C_LANGUAGE_STANDARD = gnu11;
				GCC_DYNAMIC_NO_PIC = NO;
				GCC_NO_COMMON_BLOCKS = YES;
				GCC_OPTIMIZATION_LEVEL = 0;
				GCC_PREPROCESSOR_DEFINITIONS = (
					"DEBUG=1",
					"$(inherited)",
				);
				GCC_WARN_64_TO_32_BIT_CONVERSION = YES;
				GCC_WARN_ABOUT_RETURN_TYPE = YES_ERROR;
				GCC_WARN_UNDECLARED_SELECTOR = YES;
				GCC_WARN_UNINITIALIZED_AUTOS = YES_AGGRESSIVE;
				GCC_WARN_UNUSED_FUNCTION = YES;
				GCC_WARN_UNUSED_VARIABLE = YES;
				IPHONEOS_DEPLOYMENT_TARGET = 14.2;
				MTL_ENABLE_DEBUG_INFO = INCLUDE_SOURCE;
				MTL_FAST_MATH = YES;
				ONLY_ACTIVE_ARCH = YES;
				PRODUCT_NAME = Vaccine;
				SDKROOT = iphoneos;
				SWIFT_ACTIVE_COMPILATION_CONDITIONS = DEBUG;
				SWIFT_OPTIMIZATION_LEVEL = "-Onone";
			};
			name = Debug;
		};
		E2B77B59256BFBD100D58DC5 /* Release */ = {
			isa = XCBuildConfiguration;
			buildSettings = {
				ALWAYS_SEARCH_USER_PATHS = NO;
				CLANG_ANALYZER_NONNULL = YES;
				CLANG_ANALYZER_NUMBER_OBJECT_CONVERSION = YES_AGGRESSIVE;
				CLANG_CXX_LANGUAGE_STANDARD = "gnu++14";
				CLANG_CXX_LIBRARY = "libc++";
				CLANG_ENABLE_MODULES = YES;
				CLANG_ENABLE_OBJC_ARC = YES;
				CLANG_ENABLE_OBJC_WEAK = YES;
				CLANG_WARN_BLOCK_CAPTURE_AUTORELEASING = YES;
				CLANG_WARN_BOOL_CONVERSION = YES;
				CLANG_WARN_COMMA = YES;
				CLANG_WARN_CONSTANT_CONVERSION = YES;
				CLANG_WARN_DEPRECATED_OBJC_IMPLEMENTATIONS = YES;
				CLANG_WARN_DIRECT_OBJC_ISA_USAGE = YES_ERROR;
				CLANG_WARN_DOCUMENTATION_COMMENTS = YES;
				CLANG_WARN_EMPTY_BODY = YES;
				CLANG_WARN_ENUM_CONVERSION = YES;
				CLANG_WARN_INFINITE_RECURSION = YES;
				CLANG_WARN_INT_CONVERSION = YES;
				CLANG_WARN_NON_LITERAL_NULL_CONVERSION = YES;
				CLANG_WARN_OBJC_IMPLICIT_RETAIN_SELF = YES;
				CLANG_WARN_OBJC_LITERAL_CONVERSION = YES;
				CLANG_WARN_OBJC_ROOT_CLASS = YES_ERROR;
				CLANG_WARN_QUOTED_INCLUDE_IN_FRAMEWORK_HEADER = YES;
				CLANG_WARN_RANGE_LOOP_ANALYSIS = YES;
				CLANG_WARN_STRICT_PROTOTYPES = YES;
				CLANG_WARN_SUSPICIOUS_MOVE = YES;
				CLANG_WARN_UNGUARDED_AVAILABILITY = YES_AGGRESSIVE;
				CLANG_WARN_UNREACHABLE_CODE = YES;
				CLANG_WARN__DUPLICATE_METHOD_MATCH = YES;
				COPY_PHASE_STRIP = NO;
				DEBUG_INFORMATION_FORMAT = "dwarf-with-dsym";
				ENABLE_NS_ASSERTIONS = NO;
				ENABLE_STRICT_OBJC_MSGSEND = YES;
				GCC_C_LANGUAGE_STANDARD = gnu11;
				GCC_NO_COMMON_BLOCKS = YES;
				GCC_WARN_64_TO_32_BIT_CONVERSION = YES;
				GCC_WARN_ABOUT_RETURN_TYPE = YES_ERROR;
				GCC_WARN_UNDECLARED_SELECTOR = YES;
				GCC_WARN_UNINITIALIZED_AUTOS = YES_AGGRESSIVE;
				GCC_WARN_UNUSED_FUNCTION = YES;
				GCC_WARN_UNUSED_VARIABLE = YES;
				IPHONEOS_DEPLOYMENT_TARGET = 14.2;
				MTL_ENABLE_DEBUG_INFO = NO;
				MTL_FAST_MATH = YES;
				PRODUCT_NAME = Vaccine;
				SDKROOT = iphoneos;
				SWIFT_COMPILATION_MODE = wholemodule;
				SWIFT_OPTIMIZATION_LEVEL = "-O";
				VALIDATE_PRODUCT = YES;
			};
			name = Release;
		};
		E2B77B5B256BFBD100D58DC5 /* Debug */ = {
			isa = XCBuildConfiguration;
			buildSettings = {
				ASSETCATALOG_COMPILER_APPICON_NAME = AppIcon;
				ASSETCATALOG_COMPILER_GLOBAL_ACCENT_COLOR_NAME = AccentColor;
				CODE_SIGN_STYLE = Automatic;
				CURRENT_PROJECT_VERSION = 3;
				DEVELOPMENT_TEAM = 3XAHB7RJJD;
				INFOPLIST_FILE = Vaccine/Info.plist;
				LD_RUNPATH_SEARCH_PATHS = (
					"$(inherited)",
					"@executable_path/Frameworks",
				);
				PRODUCT_BUNDLE_IDENTIFIER = com.AndersonSouza.Vaccine;
				PRODUCT_NAME = "$(TARGET_NAME)";
				SWIFT_VERSION = 5.0;
				TARGETED_DEVICE_FAMILY = 1;
			};
			name = Debug;
		};
		E2B77B5C256BFBD100D58DC5 /* Release */ = {
			isa = XCBuildConfiguration;
			buildSettings = {
				ASSETCATALOG_COMPILER_APPICON_NAME = AppIcon;
				ASSETCATALOG_COMPILER_GLOBAL_ACCENT_COLOR_NAME = AccentColor;
				CODE_SIGN_STYLE = Automatic;
				CURRENT_PROJECT_VERSION = 3;
				DEVELOPMENT_TEAM = 3XAHB7RJJD;
				INFOPLIST_FILE = Vaccine/Info.plist;
				LD_RUNPATH_SEARCH_PATHS = (
					"$(inherited)",
					"@executable_path/Frameworks",
				);
				PRODUCT_BUNDLE_IDENTIFIER = com.AndersonSouza.Vaccine;
				PRODUCT_NAME = "$(TARGET_NAME)";
				SWIFT_VERSION = 5.0;
				TARGETED_DEVICE_FAMILY = 1;
			};
			name = Release;
		};
/* End XCBuildConfiguration section */

/* Begin XCConfigurationList section */
		E278B686256FEBB600BB5C6C /* Build configuration list for PBXNativeTarget "VaccineTestsModule" */ = {
			isa = XCConfigurationList;
			buildConfigurations = (
				E278B687256FEBB600BB5C6C /* Debug */,
				E278B688256FEBB600BB5C6C /* Release */,
			);
			defaultConfigurationIsVisible = 0;
			defaultConfigurationName = Release;
		};
		E2B77B28256BFBC400D58DC5 /* Build configuration list for PBXProject "Vaccine" */ = {
			isa = XCConfigurationList;
			buildConfigurations = (
				E2B77B58256BFBD100D58DC5 /* Debug */,
				E2B77B59256BFBD100D58DC5 /* Release */,
			);
			defaultConfigurationIsVisible = 0;
			defaultConfigurationName = Release;
		};
		E2B77B5A256BFBD100D58DC5 /* Build configuration list for PBXNativeTarget "Vaccine" */ = {
			isa = XCConfigurationList;
			buildConfigurations = (
				E2B77B5B256BFBD100D58DC5 /* Debug */,
				E2B77B5C256BFBD100D58DC5 /* Release */,
			);
			defaultConfigurationIsVisible = 0;
			defaultConfigurationName = Release;
		};
/* End XCConfigurationList section */

/* Begin XCVersionGroup section */
		E2B77B39256BFBC500D58DC5 /* Vaccine.xcdatamodeld */ = {
			isa = XCVersionGroup;
			children = (
				E2B77B3A256BFBC500D58DC5 /* Vaccine.xcdatamodel */,
			);
			currentVersion = E2B77B3A256BFBC500D58DC5 /* Vaccine.xcdatamodel */;
			path = Vaccine.xcdatamodeld;
			sourceTree = "<group>";
			versionGroupType = wrapper.xcdatamodel;
		};
/* End XCVersionGroup section */
	};
	rootObject = E2B77B25256BFBC400D58DC5 /* Project object */;
}
